
Microsoft Visual Studio Solution File, Format Version 12.00
# Visual Studio Version 17
VisualStudioVersion = 17.14.36202.13 d17.14
MinimumVisualStudioVersion = 10.0.40219.1
Project("{FAE04EC0-301F-11D3-BF4B-00C04F79EFBC}") = "Individual Assignment01_UI", "Individual Assignment01_UI.csproj", "{4CDDE7C5-288D-4A91-A3EE-9F04B36E8B5E}"
EndProject
Global
	GlobalSection(SolutionConfigurationPlatforms) = preSolution
		Debug|Any CPU = Debug|Any CPU
		Release|Any CPU = Release|Any CPU
	EndGlobalSection
	GlobalSection(ProjectConfigurationPlatforms) = postSolution
		{4CDDE7C5-288D-4A91-A3EE-9F04B36E8B5E}.Debug|Any CPU.ActiveCfg = Debug|Any CPU
		{4CDDE7C5-288D-4A91-A3EE-9F04B36E8B5E}.Debug|Any CPU.Build.0 = Debug|Any CPU
		{4CDDE7C5-288D-4A91-A3EE-9F04B36E8B5E}.Release|Any CPU.ActiveCfg = Release|Any CPU
		{4CDDE7C5-288D-4A91-A3EE-9F04B36E8B5E}.Release|Any CPU.Build.0 = Release|Any CPU
	EndGlobalSection
	GlobalSection(SolutionProperties) = preSolution
		HideSolutionNode = FALSE
	EndGlobalSection
	GlobalSection(ExtensibilityGlobals) = postSolution
		SolutionGuid = {A99E5006-382C-40C0-959A-78B8E76A6C6D}
	EndGlobalSection
EndGlobal
